
Microsoft Visual Studio Solution File, Format Version 12.00
# Visual Studio Version 16
VisualStudioVersion = 16.0.31205.134
MinimumVisualStudioVersion = 10.0.40219.1
Project("{2150E333-8FDC-42A3-9474-1A3956D46DE8}") = "src", "src", "{D110469B-A1D5-4F6F-8BED-F608CA5251C2}"
EndProject
Project("{2150E333-8FDC-42A3-9474-1A3956D46DE8}") = "Presentation", "Presentation", "{48948AAB-C4EE-4AA1-9ED5-51E15DC8960C}"
EndProject
Project("{9A19103F-16F7-4668-BE54-9A1E7A4F7556}") = "WebApi", "src\WebApi\WebApi.csproj", "{33A166BD-3F96-4348-90E6-05849A54C04B}"
EndProject
Project("{2150E333-8FDC-42A3-9474-1A3956D46DE8}") = "Core", "Core", "{FE88BE59-FA6F-4BE2-9E43-F805A9F1403E}"
EndProject
Project("{2150E333-8FDC-42A3-9474-1A3956D46DE8}") = "Infrastructure", "Infrastructure", "{2A70E63B-4F3E-4A89-AE1E-1BE14A766A27}"
EndProject
Project("{9A19103F-16F7-4668-BE54-9A1E7A4F7556}") = "Infrastructure.Persistence", "src\Infrastructure.Persistence\Infrastructure.Persistence.csproj", "{71A5682F-5962-443B-B700-B0E87F6F302D}"
EndProject
Project("{9A19103F-16F7-4668-BE54-9A1E7A4F7556}") = "Infrastructure.Shared", "src\Infrastructure.Shared\Infrastructure.Shared.csproj", "{9DC6B7F8-18E2-43E8-AA94-2A6FD21E373B}"
EndProject
Project("{2150E333-8FDC-42A3-9474-1A3956D46DE8}") = "docs", "docs", "{896FE9C0-C999-484F-A11C-37C142D14C6D}"
	ProjectSection(SolutionItems) = preProject
		README.md = README.md
	EndProjectSection
EndProject
Project("{2150E333-8FDC-42A3-9474-1A3956D46DE8}") = "test", "test", "{9263FB63-4BAC-4B24-B30C-4CB65B5445CB}"
EndProject
Project("{9A19103F-16F7-4668-BE54-9A1E7A4F7556}") = "Domain.UnitTests", "test\Domain.UnitTests\Domain.UnitTests.csproj", "{4315BD1F-55A4-4BF9-9917-4CABC8E59FE6}"
EndProject
Project("{9A19103F-16F7-4668-BE54-9A1E7A4F7556}") = "Application.UnitTests", "test\Application.UnitTests\Application.UnitTests.csproj", "{3B898DE1-3C27-42A6-B242-DEF90B02A4F0}"
EndProject
Project("{9A19103F-16F7-4668-BE54-9A1E7A4F7556}") = "Application.IntegrationTests", "test\Application.IntegrationTests\Application.IntegrationTests.csproj", "{E71AA0B0-D982-43B4-87AD-28E4FB9433D4}"
EndProject
Project("{9A19103F-16F7-4668-BE54-9A1E7A4F7556}") = "Application", "src\Application\Application.csproj", "{E445C092-40BC-470D-9D49-CFE9EA74F00A}"
EndProject
Project("{9A19103F-16F7-4668-BE54-9A1E7A4F7556}") = "Domain", "src\Domain\Domain.csproj", "{770277B4-1EF0-4BE2-9E56-E22EA9627647}"
EndProject
Project("{9A19103F-16F7-4668-BE54-9A1E7A4F7556}") = "Infrastructure.DbUp", "src\Infrastructure.DbUp\Infrastructure.DbUp.csproj", "{A1293CDF-A375-4834-949A-661160E3BD87}"
EndProject
Project("{9A19103F-16F7-4668-BE54-9A1E7A4F7556}") = "Presentation.Common", "src\Presentation.Common\Presentation.Common.csproj", "{DF2871A6-684B-428A-AE7E-83F831DA28F2}"
EndProject
Project("{2150E333-8FDC-42A3-9474-1A3956D46DE8}") = "Common", "Common", "{28F78BA2-BD3E-489A-AD3A-1510813522BE}"
EndProject
Global
	GlobalSection(SolutionConfigurationPlatforms) = preSolution
		Debug|Any CPU = Debug|Any CPU
		Release|Any CPU = Release|Any CPU
	EndGlobalSection
	GlobalSection(ProjectConfigurationPlatforms) = postSolution
		{33A166BD-3F96-4348-90E6-05849A54C04B}.Debug|Any CPU.ActiveCfg = Debug|Any CPU
		{33A166BD-3F96-4348-90E6-05849A54C04B}.Debug|Any CPU.Build.0 = Debug|Any CPU
		{33A166BD-3F96-4348-90E6-05849A54C04B}.Release|Any CPU.ActiveCfg = Release|Any CPU
		{33A166BD-3F96-4348-90E6-05849A54C04B}.Release|Any CPU.Build.0 = Release|Any CPU
		{71A5682F-5962-443B-B700-B0E87F6F302D}.Debug|Any CPU.ActiveCfg = Debug|Any CPU
		{71A5682F-5962-443B-B700-B0E87F6F302D}.Debug|Any CPU.Build.0 = Debug|Any CPU
		{71A5682F-5962-443B-B700-B0E87F6F302D}.Release|Any CPU.ActiveCfg = Release|Any CPU
		{71A5682F-5962-443B-B700-B0E87F6F302D}.Release|Any CPU.Build.0 = Release|Any CPU
		{9DC6B7F8-18E2-43E8-AA94-2A6FD21E373B}.Debug|Any CPU.ActiveCfg = Debug|Any CPU
		{9DC6B7F8-18E2-43E8-AA94-2A6FD21E373B}.Debug|Any CPU.Build.0 = Debug|Any CPU
		{9DC6B7F8-18E2-43E8-AA94-2A6FD21E373B}.Release|Any CPU.ActiveCfg = Release|Any CPU
		{9DC6B7F8-18E2-43E8-AA94-2A6FD21E373B}.Release|Any CPU.Build.0 = Release|Any CPU
		{4315BD1F-55A4-4BF9-9917-4CABC8E59FE6}.Debug|Any CPU.ActiveCfg = Debug|Any CPU
		{4315BD1F-55A4-4BF9-9917-4CABC8E59FE6}.Debug|Any CPU.Build.0 = Debug|Any CPU
		{4315BD1F-55A4-4BF9-9917-4CABC8E59FE6}.Release|Any CPU.ActiveCfg = Release|Any CPU
		{4315BD1F-55A4-4BF9-9917-4CABC8E59FE6}.Release|Any CPU.Build.0 = Release|Any CPU
		{3B898DE1-3C27-42A6-B242-DEF90B02A4F0}.Debug|Any CPU.ActiveCfg = Debug|Any CPU
		{3B898DE1-3C27-42A6-B242-DEF90B02A4F0}.Debug|Any CPU.Build.0 = Debug|Any CPU
		{3B898DE1-3C27-42A6-B242-DEF90B02A4F0}.Release|Any CPU.ActiveCfg = Release|Any CPU
		{3B898DE1-3C27-42A6-B242-DEF90B02A4F0}.Release|Any CPU.Build.0 = Release|Any CPU
		{E71AA0B0-D982-43B4-87AD-28E4FB9433D4}.Debug|Any CPU.ActiveCfg = Debug|Any CPU
		{E71AA0B0-D982-43B4-87AD-28E4FB9433D4}.Debug|Any CPU.Build.0 = Debug|Any CPU
		{E71AA0B0-D982-43B4-87AD-28E4FB9433D4}.Release|Any CPU.ActiveCfg = Release|Any CPU
		{E71AA0B0-D982-43B4-87AD-28E4FB9433D4}.Release|Any CPU.Build.0 = Release|Any CPU
		{E445C092-40BC-470D-9D49-CFE9EA74F00A}.Debug|Any CPU.ActiveCfg = Debug|Any CPU
		{E445C092-40BC-470D-9D49-CFE9EA74F00A}.Debug|Any CPU.Build.0 = Debug|Any CPU
		{E445C092-40BC-470D-9D49-CFE9EA74F00A}.Release|Any CPU.ActiveCfg = Release|Any CPU
		{E445C092-40BC-470D-9D49-CFE9EA74F00A}.Release|Any CPU.Build.0 = Release|Any CPU
		{770277B4-1EF0-4BE2-9E56-E22EA9627647}.Debug|Any CPU.ActiveCfg = Debug|Any CPU
		{770277B4-1EF0-4BE2-9E56-E22EA9627647}.Debug|Any CPU.Build.0 = Debug|Any CPU
		{770277B4-1EF0-4BE2-9E56-E22EA9627647}.Release|Any CPU.ActiveCfg = Release|Any CPU
		{770277B4-1EF0-4BE2-9E56-E22EA9627647}.Release|Any CPU.Build.0 = Release|Any CPU
		{A1293CDF-A375-4834-949A-661160E3BD87}.Debug|Any CPU.ActiveCfg = Debug|Any CPU
		{A1293CDF-A375-4834-949A-661160E3BD87}.Debug|Any CPU.Build.0 = Debug|Any CPU
		{A1293CDF-A375-4834-949A-661160E3BD87}.Release|Any CPU.ActiveCfg = Release|Any CPU
		{A1293CDF-A375-4834-949A-661160E3BD87}.Release|Any CPU.Build.0 = Release|Any CPU
		{DF2871A6-684B-428A-AE7E-83F831DA28F2}.Debug|Any CPU.ActiveCfg = Debug|Any CPU
		{DF2871A6-684B-428A-AE7E-83F831DA28F2}.Debug|Any CPU.Build.0 = Debug|Any CPU
		{DF2871A6-684B-428A-AE7E-83F831DA28F2}.Release|Any CPU.ActiveCfg = Release|Any CPU
		{DF2871A6-684B-428A-AE7E-83F831DA28F2}.Release|Any CPU.Build.0 = Release|Any CPU
	EndGlobalSection
	GlobalSection(SolutionProperties) = preSolution
		HideSolutionNode = FALSE
	EndGlobalSection
	GlobalSection(NestedProjects) = preSolution
		{48948AAB-C4EE-4AA1-9ED5-51E15DC8960C} = {D110469B-A1D5-4F6F-8BED-F608CA5251C2}
		{33A166BD-3F96-4348-90E6-05849A54C04B} = {48948AAB-C4EE-4AA1-9ED5-51E15DC8960C}
		{FE88BE59-FA6F-4BE2-9E43-F805A9F1403E} = {D110469B-A1D5-4F6F-8BED-F608CA5251C2}
		{2A70E63B-4F3E-4A89-AE1E-1BE14A766A27} = {D110469B-A1D5-4F6F-8BED-F608CA5251C2}
		{71A5682F-5962-443B-B700-B0E87F6F302D} = {2A70E63B-4F3E-4A89-AE1E-1BE14A766A27}
		{9DC6B7F8-18E2-43E8-AA94-2A6FD21E373B} = {2A70E63B-4F3E-4A89-AE1E-1BE14A766A27}
		{4315BD1F-55A4-4BF9-9917-4CABC8E59FE6} = {9263FB63-4BAC-4B24-B30C-4CB65B5445CB}
		{3B898DE1-3C27-42A6-B242-DEF90B02A4F0} = {9263FB63-4BAC-4B24-B30C-4CB65B5445CB}
		{E71AA0B0-D982-43B4-87AD-28E4FB9433D4} = {9263FB63-4BAC-4B24-B30C-4CB65B5445CB}
		{E445C092-40BC-470D-9D49-CFE9EA74F00A} = {FE88BE59-FA6F-4BE2-9E43-F805A9F1403E}
		{770277B4-1EF0-4BE2-9E56-E22EA9627647} = {FE88BE59-FA6F-4BE2-9E43-F805A9F1403E}
		{A1293CDF-A375-4834-949A-661160E3BD87} = {2A70E63B-4F3E-4A89-AE1E-1BE14A766A27}
		{DF2871A6-684B-428A-AE7E-83F831DA28F2} = {28F78BA2-BD3E-489A-AD3A-1510813522BE}
		{28F78BA2-BD3E-489A-AD3A-1510813522BE} = {48948AAB-C4EE-4AA1-9ED5-51E15DC8960C}
	EndGlobalSection
	GlobalSection(ExtensibilityGlobals) = postSolution
		SolutionGuid = {7E98D238-39AA-441A-A5CD-6B64E0D22D24}
	EndGlobalSection
EndGlobal
